
Microsoft Visual Studio Solution File, Format Version 12.00
# Visual Studio Version 16
VisualStudioVersion = 16.0.28729.10
MinimumVisualStudioVersion = 10.0.40219.1
Project("{9A19103F-16F7-4668-BE54-9A1E7A4F7556}") = "Gobln.Pager.Mvc", "scr\Gobln.Pager.Mvc\Gobln.Pager.Mvc.csproj", "{A1D5133E-BC3E-4E49-93E9-D366B3C50658}"
EndProject
Project("{FAE04EC0-301F-11D3-BF4B-00C04F79EFBC}") = "Gobln.Pager.Mvc45Test", "test\Gobln.Pager.Mvc45Test\Gobln.Pager.Mvc45Test.csproj", "{9F29EDD5-ABF2-4626-8376-7B7FFEB8F6DF}"
EndProject
Project("{9A19103F-16F7-4668-BE54-9A1E7A4F7556}") = "Gobln.Pager.MvcCore20Test", "test\Gobln.Pager.MvcCore20Test\Gobln.Pager.MvcCore20Test.csproj", "{EA7030EB-FD9B-4041-A7F7-B44144404639}"
EndProject
Global
	GlobalSection(SolutionConfigurationPlatforms) = preSolution
		Debug|Any CPU = Debug|Any CPU
		Release|Any CPU = Release|Any CPU
	EndGlobalSection
	GlobalSection(ProjectConfigurationPlatforms) = postSolution
		{A1D5133E-BC3E-4E49-93E9-D366B3C50658}.Debug|Any CPU.ActiveCfg = Debug|Any CPU
		{A1D5133E-BC3E-4E49-93E9-D366B3C50658}.Debug|Any CPU.Build.0 = Debug|Any CPU
		{A1D5133E-BC3E-4E49-93E9-D366B3C50658}.Release|Any CPU.ActiveCfg = Release|Any CPU
		{A1D5133E-BC3E-4E49-93E9-D366B3C50658}.Release|Any CPU.Build.0 = Release|Any CPU
		{9F29EDD5-ABF2-4626-8376-7B7FFEB8F6DF}.Debug|Any CPU.ActiveCfg = Debug|Any CPU
		{9F29EDD5-ABF2-4626-8376-7B7FFEB8F6DF}.Debug|Any CPU.Build.0 = Debug|Any CPU
		{9F29EDD5-ABF2-4626-8376-7B7FFEB8F6DF}.Release|Any CPU.ActiveCfg = Release|Any CPU
		{9F29EDD5-ABF2-4626-8376-7B7FFEB8F6DF}.Release|Any CPU.Build.0 = Release|Any CPU
		{EA7030EB-FD9B-4041-A7F7-B44144404639}.Debug|Any CPU.ActiveCfg = Debug|Any CPU
		{EA7030EB-FD9B-4041-A7F7-B44144404639}.Debug|Any CPU.Build.0 = Debug|Any CPU
		{EA7030EB-FD9B-4041-A7F7-B44144404639}.Release|Any CPU.ActiveCfg = Release|Any CPU
		{EA7030EB-FD9B-4041-A7F7-B44144404639}.Release|Any CPU.Build.0 = Release|Any CPU
	EndGlobalSection
	GlobalSection(SolutionProperties) = preSolution
		HideSolutionNode = FALSE
	EndGlobalSection
	GlobalSection(ExtensibilityGlobals) = postSolution
		SolutionGuid = {B5CCA90A-457D-48FC-AB14-BB5AF35EAB9A}
	EndGlobalSection
EndGlobal
